NeoBundleLock gitv e10a8963e0ff1387e7e764f799a5bba693a739b3
NeoBundleLock jedi-vim 625c568b1249db8c5f1b06a1f9371c06ba2d08b5
NeoBundleLock lightline.vim e6a43f98fab1ee2e373bd0b670803222607ed123
NeoBundleLock neobundle.vim 513868c7b197bae5bdcca0b21eef6a8490c72bfc
NeoBundleLock neocomplete.vim fe8aa93a8a6030af3d208f2ecc92096cb3d52693
NeoBundleLock neomru.vim e86ebb07c3498e81b13a195330831eb845555633
NeoBundleLock neoyank.vim 5dde31de2fe00e82e9a3a0861dcccd19fec0dd7b
NeoBundleLock unite.vim 3c407c927a0ed03dbf889a1d3fd9d7ae72961a4a
NeoBundleLock vim-clang ea9ffaa0d19721edb2de0a6c6a79ebc533eb85b9
NeoBundleLock vim-easymotion 649120e90e92bc2ae5361693fa1e4dd2d02c1822
NeoBundleLock vim-fugitive 008b9570860f552534109b4f618cf2ddd145eeb4
NeoBundleLock vim-gitgutter 0af9f2a3ab029054d279f69364351e95e107008a
NeoBundleLock vim-indent-guides 49bde6fa30648345ffabfe55b3a095a293568a2e
NeoBundleLock vim-marching a0052de116afbaae96879c6d22b6bd6aafd31d24
NeoBundleLock vim-reunions 42cf8386bc79849737b1b5b1b14b23b77404ec0e
NeoBundleLock vim-ros 65039c0224c5cd5dd84223b57a1504d8507f031f
NeoBundleLock vimfiler 67a06d544df13901f50423c88af0043db8e8c9bc
NeoBundleLock vimproc 78cbb5c683026085de133f160929ccc56a6b203a
NeoBundleLock vimproc.vim 78cbb5c683026085de133f160929ccc56a6b203a
NeoBundleLock vimshell f51ad1e3b4a897f32bb7ca0382f8fb25519e0d11
