NeoBundleLock jedi-vim dc9688602c2da73f25e49c3dd447c03f0c0f08d5
NeoBundleLock lightline.vim 967501e7a1cc96ef3aac596741e5ec30dc8ed566
NeoBundleLock neobundle.vim 108ce2c80e0af6898f967f4df7ff189368351ff6
NeoBundleLock neocomplete.vim aaa1f08b06bfcc2a329dba12a37ce8e1578636bd
NeoBundleLock unite.vim 18032997d50b6ddd4b4b5422a3ac32ab630236f1
NeoBundleLock vim-easymotion 0806257ca6432ac7beb75c4319dadf7f3ba9907b
NeoBundleLock vim-fugitive dba8a0705d95cda76d599bb7d09964d67741a5c5
NeoBundleLock vim-gitgutter 1067294cdc379be1deb56074a093b49a8303308f
NeoBundleLock vim-indent-guides 4895e860258cd24c975255ef459af4b956107557
NeoBundleLock vim-marching 3460f0bf65bd0551445baad37418091f85bfbb7c
NeoBundleLock vim-reunions 42cf8386bc79849737b1b5b1b14b23b77404ec0e
NeoBundleLock vimfiler 6840a279ad1b9e25cafd26f4c6fde5e9fc4303b2
NeoBundleLock vimproc 9b9a684fdc034a899cfefa7b93ab881f550975e8
NeoBundleLock vimproc.vim 9b9a684fdc034a899cfefa7b93ab881f550975e8
NeoBundleLock vimshell a1f9a2010bea4b109341f1e2411a32839a8547b3
